
Microsoft Visual Studio Solution File, Format Version 12.00
# Visual Studio Version 17
VisualStudioVersion = 17.2.32602.215
MinimumVisualStudioVersion = 10.0.40219.1
Project("{FAE04EC0-301F-11D3-BF4B-00C04F79EFBC}") = "ShowMechanoidWeapon", "ShowMechanoidWeapon.csproj", "{7A3916C8-1275-43B7-BEF8-A32F87DC0873}"
EndProject
Global
	GlobalSection(SolutionConfigurationPlatforms) = preSolution
		Debug|Any CPU = Debug|Any CPU
		Release|Any CPU = Release|Any CPU
	EndGlobalSection
	GlobalSection(ProjectConfigurationPlatforms) = postSolution
		{7A3916C8-1275-43B7-BEF8-A32F87DC0873}.Debug|Any CPU.ActiveCfg = Debug|Any CPU
		{7A3916C8-1275-43B7-BEF8-A32F87DC0873}.Debug|Any CPU.Build.0 = Debug|Any CPU
		{7A3916C8-1275-43B7-BEF8-A32F87DC0873}.Release|Any CPU.ActiveCfg = Release|Any CPU
		{7A3916C8-1275-43B7-BEF8-A32F87DC0873}.Release|Any CPU.Build.0 = Release|Any CPU
	EndGlobalSection
	GlobalSection(SolutionProperties) = preSolution
		HideSolutionNode = FALSE
	EndGlobalSection
	GlobalSection(ExtensibilityGlobals) = postSolution
		SolutionGuid = {4E0E18AD-79DB-40E9-B9E7-B2361BA18CE0}
	EndGlobalSection
EndGlobal
